
Microsoft Visual Studio Solution File, Format Version 12.00
# Visual Studio Version 16
VisualStudioVersion = 16.0.30523.141
MinimumVisualStudioVersion = 10.0.40219.1
Project("{FAE04EC0-301F-11D3-BF4B-00C04F79EFBC}") = "lr9", "lr9.csproj", "{FE16CCB5-09C5-43A6-AEFF-08493A7B04BC}"
EndProject
Global
	GlobalSection(SolutionConfigurationPlatforms) = preSolution
		Debug|Any CPU = Debug|Any CPU
		Release|Any CPU = Release|Any CPU
	EndGlobalSection
	GlobalSection(ProjectConfigurationPlatforms) = postSolution
		{FE16CCB5-09C5-43A6-AEFF-08493A7B04BC}.Debug|Any CPU.ActiveCfg = Debug|Any CPU
		{FE16CCB5-09C5-43A6-AEFF-08493A7B04BC}.Debug|Any CPU.Build.0 = Debug|Any CPU
		{FE16CCB5-09C5-43A6-AEFF-08493A7B04BC}.Release|Any CPU.ActiveCfg = Release|Any CPU
		{FE16CCB5-09C5-43A6-AEFF-08493A7B04BC}.Release|Any CPU.Build.0 = Release|Any CPU
	EndGlobalSection
	GlobalSection(SolutionProperties) = preSolution
		HideSolutionNode = FALSE
	EndGlobalSection
	GlobalSection(ExtensibilityGlobals) = postSolution
		SolutionGuid = {430C164E-A431-4EA1-90B9-5FC93D43A1B5}
	EndGlobalSection
EndGlobal
